
Microsoft Visual Studio Solution File, Format Version 12.00
# Visual Studio Version 16
VisualStudioVersion = 16.0.28729.10
MinimumVisualStudioVersion = 10.0.40219.1
Project("{9A19103F-16F7-4668-BE54-9A1E7A4F7556}") = "System.Linq.Dynamic", "System.Linq.Dynamic\System.Linq.Dynamic.csproj", "{27D9A48C-57A0-478B-96A2-64578ED6B843}"
EndProject
Project("{FAE04EC0-301F-11D3-BF4B-00C04F79EFBC}") = "System.Linq.Dynamic.Tests", "System.Linq.Dynamic.Tests\System.Linq.Dynamic.Tests.csproj", "{2C2A63B2-C37D-4BDF-A95F-316E1A265050}"
EndProject
Global
	GlobalSection(SolutionConfigurationPlatforms) = preSolution
		Debug|Any CPU = Debug|Any CPU
		Release|Any CPU = Release|Any CPU
	EndGlobalSection
	GlobalSection(ProjectConfigurationPlatforms) = postSolution
		{27D9A48C-57A0-478B-96A2-64578ED6B843}.Debug|Any CPU.ActiveCfg = Debug|Any CPU
		{27D9A48C-57A0-478B-96A2-64578ED6B843}.Debug|Any CPU.Build.0 = Debug|Any CPU
		{27D9A48C-57A0-478B-96A2-64578ED6B843}.Release|Any CPU.ActiveCfg = Release|Any CPU
		{27D9A48C-57A0-478B-96A2-64578ED6B843}.Release|Any CPU.Build.0 = Release|Any CPU
		{2C2A63B2-C37D-4BDF-A95F-316E1A265050}.Debug|Any CPU.ActiveCfg = Debug|Any CPU
		{2C2A63B2-C37D-4BDF-A95F-316E1A265050}.Debug|Any CPU.Build.0 = Debug|Any CPU
		{2C2A63B2-C37D-4BDF-A95F-316E1A265050}.Release|Any CPU.ActiveCfg = Release|Any CPU
		{2C2A63B2-C37D-4BDF-A95F-316E1A265050}.Release|Any CPU.Build.0 = Release|Any CPU
	EndGlobalSection
	GlobalSection(SolutionProperties) = preSolution
		HideSolutionNode = FALSE
	EndGlobalSection
	GlobalSection(ExtensibilityGlobals) = postSolution
		SolutionGuid = {70418DF9-2714-4529-9EA1-373676BA7011}
	EndGlobalSection
EndGlobal
